// !$*UTF8*$!
{
	archiveVersion = 1;
	classes = {
	};
	objectVersion = 56;
	objects = {

/* Begin PBXBuildFile section */
		465590CE2B593D1A00178CFE /* GFUserInfoHeaderVC.swift in Sources */ = {isa = PBXBuildFile; fileRef = 465590CD2B593D1A00178CFE /* GFUserInfoHeaderVC.swift */; };
		465590D02B593D4500178CFE /* GFSecondaryTitleLabel.swift in Sources */ = {isa = PBXBuildFile; fileRef = 465590CF2B593D4500178CFE /* GFSecondaryTitleLabel.swift */; };
		465590D22B59436600178CFE /* Constants.swift in Sources */ = {isa = PBXBuildFile; fileRef = 465590D12B59436600178CFE /* Constants.swift */; };
		465590D42B594C2400178CFE /* GFItemInfoView.swift in Sources */ = {isa = PBXBuildFile; fileRef = 465590D32B594C2400178CFE /* GFItemInfoView.swift */; };
		465590D62B59508100178CFE /* GFItemInfoVC.swift in Sources */ = {isa = PBXBuildFile; fileRef = 465590D52B59508100178CFE /* GFItemInfoVC.swift */; };
		465590D82B59529D00178CFE /* GFRepoItemVC.swift in Sources */ = {isa = PBXBuildFile; fileRef = 465590D72B59529D00178CFE /* GFRepoItemVC.swift */; };
		465590DA2B5953E800178CFE /* GFFollowerItemVC.swift in Sources */ = {isa = PBXBuildFile; fileRef = 465590D92B5953E800178CFE /* GFFollowerItemVC.swift */; };
		465590DD2B5A5EB000178CFE /* Date+Ext.swift in Sources */ = {isa = PBXBuildFile; fileRef = 465590DC2B5A5EB000178CFE /* Date+Ext.swift */; };
		465590DF2B5A5EEF00178CFE /* String+Ext.swift in Sources */ = {isa = PBXBuildFile; fileRef = 465590DE2B5A5EEF00178CFE /* String+Ext.swift */; };
		465590E12B5A890C00178CFE /* PersistenceManager.swift in Sources */ = {isa = PBXBuildFile; fileRef = 465590E02B5A890C00178CFE /* PersistenceManager.swift */; };
		46DFE3EF2B57C67E00B892B4 /* AppDelegate.swift in Sources */ = {isa = PBXBuildFile; fileRef = 46DFE3EE2B57C67E00B892B4 /* AppDelegate.swift */; };
		46DFE3F12B57C67E00B892B4 /* SceneDelegate.swift in Sources */ = {isa = PBXBuildFile; fileRef = 46DFE3F02B57C67E00B892B4 /* SceneDelegate.swift */; };
		46DFE3F82B57C68000B892B4 /* Assets.xcassets in Resources */ = {isa = PBXBuildFile; fileRef = 46DFE3F72B57C68000B892B4 /* Assets.xcassets */; };
		46DFE3FB2B57C68000B892B4 /* LaunchScreen.storyboard in Resources */ = {isa = PBXBuildFile; fileRef = 46DFE3F92B57C68000B892B4 /* LaunchScreen.storyboard */; };
		46DFE4032B57D01900B892B4 /* SearchVC.swift in Sources */ = {isa = PBXBuildFile; fileRef = 46DFE4022B57D01900B892B4 /* SearchVC.swift */; };
		46DFE4052B57D04D00B892B4 /* FavoritesListVC.swift in Sources */ = {isa = PBXBuildFile; fileRef = 46DFE4042B57D04D00B892B4 /* FavoritesListVC.swift */; };
		46DFE4072B57D48F00B892B4 /* GFButton.swift in Sources */ = {isa = PBXBuildFile; fileRef = 46DFE4062B57D48F00B892B4 /* GFButton.swift */; };
		46DFE4092B57D7DB00B892B4 /* GFTextField.swift in Sources */ = {isa = PBXBuildFile; fileRef = 46DFE4082B57D7DB00B892B4 /* GFTextField.swift */; };
		46DFE40B2B57EB6E00B892B4 /* FollowerListVC.swift in Sources */ = {isa = PBXBuildFile; fileRef = 46DFE40A2B57EB6E00B892B4 /* FollowerListVC.swift */; };
		46DFE40D2B57FF9F00B892B4 /* GFTitleLabel.swift in Sources */ = {isa = PBXBuildFile; fileRef = 46DFE40C2B57FF9F00B892B4 /* GFTitleLabel.swift */; };
		46DFE40F2B5819D400B892B4 /* GFBodyLabel.swift in Sources */ = {isa = PBXBuildFile; fileRef = 46DFE40E2B5819D400B892B4 /* GFBodyLabel.swift */; };
		46DFE4112B581AE600B892B4 /* GFAlertVC.swift in Sources */ = {isa = PBXBuildFile; fileRef = 46DFE4102B581AE600B892B4 /* GFAlertVC.swift */; };
		46DFE4132B5828E300B892B4 /* UIViewController+Ext.swift in Sources */ = {isa = PBXBuildFile; fileRef = 46DFE4122B5828E300B892B4 /* UIViewController+Ext.swift */; };
		46DFE41A2B5841D500B892B4 /* Follower.swift in Sources */ = {isa = PBXBuildFile; fileRef = 46DFE4192B5841D500B892B4 /* Follower.swift */; };
		46DFE41C2B58429200B892B4 /* User.swift in Sources */ = {isa = PBXBuildFile; fileRef = 46DFE41B2B58429200B892B4 /* User.swift */; };
		46DFE41F2B5845E900B892B4 /* NetworkManager.swift in Sources */ = {isa = PBXBuildFile; fileRef = 46DFE41E2B5845E900B892B4 /* NetworkManager.swift */; };
		46DFE4252B5877DF00B892B4 /* FollowerCell.swift in Sources */ = {isa = PBXBuildFile; fileRef = 46DFE4242B5877DF00B892B4 /* FollowerCell.swift */; };
		46DFE4272B58786800B892B4 /* GFAvatarImageView.swift in Sources */ = {isa = PBXBuildFile; fileRef = 46DFE4262B58786800B892B4 /* GFAvatarImageView.swift */; };
		46DFE4292B590FE200B892B4 /* UIHelper.swift in Sources */ = {isa = PBXBuildFile; fileRef = 46DFE4282B590FE200B892B4 /* UIHelper.swift */; };
		46DFE4312B591D5C00B892B4 /* GFEmptyStateView.swift in Sources */ = {isa = PBXBuildFile; fileRef = 46DFE4302B591D5C00B892B4 /* GFEmptyStateView.swift */; };
		46DFE4332B59312200B892B4 /* UserInfoVC.swift in Sources */ = {isa = PBXBuildFile; fileRef = 46DFE4322B59312200B892B4 /* UserInfoVC.swift */; };
		46DFE4352B593A9500B892B4 /* GFError.swift in Sources */ = {isa = PBXBuildFile; fileRef = 46DFE4342B593A9500B892B4 /* GFError.swift */; };
/* End PBXBuildFile section */

/* Begin PBXFileReference section */
		465590CD2B593D1A00178CFE /* GFUserInfoHeaderVC.swift */ = {isa = PBXFileReference; lastKnownFileType = sourcecode.swift; path = GFUserInfoHeaderVC.swift; sourceTree = "<group>"; };
		465590CF2B593D4500178CFE /* GFSecondaryTitleLabel.swift */ = {isa = PBXFileReference; lastKnownFileType = sourcecode.swift; path = GFSecondaryTitleLabel.swift; sourceTree = "<group>"; };
		465590D12B59436600178CFE /* Constants.swift */ = {isa = PBXFileReference; lastKnownFileType = sourcecode.swift; path = Constants.swift; sourceTree = "<group>"; };
		465590D32B594C2400178CFE /* GFItemInfoView.swift */ = {isa = PBXFileReference; lastKnownFileType = sourcecode.swift; path = GFItemInfoView.swift; sourceTree = "<group>"; };
		465590D52B59508100178CFE /* GFItemInfoVC.swift */ = {isa = PBXFileReference; lastKnownFileType = sourcecode.swift; path = GFItemInfoVC.swift; sourceTree = "<group>"; };
		465590D72B59529D00178CFE /* GFRepoItemVC.swift */ = {isa = PBXFileReference; lastKnownFileType = sourcecode.swift; path = GFRepoItemVC.swift; sourceTree = "<group>"; };
		465590D92B5953E800178CFE /* GFFollowerItemVC.swift */ = {isa = PBXFileReference; lastKnownFileType = sourcecode.swift; path = GFFollowerItemVC.swift; sourceTree = "<group>"; };
		465590DC2B5A5EB000178CFE /* Date+Ext.swift */ = {isa = PBXFileReference; lastKnownFileType = sourcecode.swift; path = "Date+Ext.swift"; sourceTree = "<group>"; };
		465590DE2B5A5EEF00178CFE /* String+Ext.swift */ = {isa = PBXFileReference; lastKnownFileType = sourcecode.swift; path = "String+Ext.swift"; sourceTree = "<group>"; };
		465590E02B5A890C00178CFE /* PersistenceManager.swift */ = {isa = PBXFileReference; lastKnownFileType = sourcecode.swift; path = PersistenceManager.swift; sourceTree = "<group>"; };
		46DFE3EB2B57C67E00B892B4 /* GithubFollowers.app */ = {isa = PBXFileReference; explicitFileType = wrapper.application; includeInIndex = 0; path = GithubFollowers.app; sourceTree = BUILT_PRODUCTS_DIR; };
		46DFE3EE2B57C67E00B892B4 /* AppDelegate.swift */ = {isa = PBXFileReference; lastKnownFileType = sourcecode.swift; path = AppDelegate.swift; sourceTree = "<group>"; };
		46DFE3F02B57C67E00B892B4 /* SceneDelegate.swift */ = {isa = PBXFileReference; lastKnownFileType = sourcecode.swift; path = SceneDelegate.swift; sourceTree = "<group>"; };
		46DFE3F72B57C68000B892B4 /* Assets.xcassets */ = {isa = PBXFileReference; lastKnownFileType = folder.assetcatalog; path = Assets.xcassets; sourceTree = "<group>"; };
		46DFE3FA2B57C68000B892B4 /* Base */ = {isa = PBXFileReference; lastKnownFileType = file.storyboard; name = Base; path = Base.lproj/LaunchScreen.storyboard; sourceTree = "<group>"; };
		46DFE3FC2B57C68000B892B4 /* Info.plist */ = {isa = PBXFileReference; lastKnownFileType = text.plist.xml; path = Info.plist; sourceTree = "<group>"; };
		46DFE4022B57D01900B892B4 /* SearchVC.swift */ = {isa = PBXFileReference; lastKnownFileType = sourcecode.swift; path = SearchVC.swift; sourceTree = "<group>"; };
		46DFE4042B57D04D00B892B4 /* FavoritesListVC.swift */ = {isa = PBXFileReference; lastKnownFileType = sourcecode.swift; path = FavoritesListVC.swift; sourceTree = "<group>"; };
		46DFE4062B57D48F00B892B4 /* GFButton.swift */ = {isa = PBXFileReference; lastKnownFileType = sourcecode.swift; path = GFButton.swift; sourceTree = "<group>"; };
		46DFE4082B57D7DB00B892B4 /* GFTextField.swift */ = {isa = PBXFileReference; lastKnownFileType = sourcecode.swift; path = GFTextField.swift; sourceTree = "<group>"; };
		46DFE40A2B57EB6E00B892B4 /* FollowerListVC.swift */ = {isa = PBXFileReference; lastKnownFileType = sourcecode.swift; path = FollowerListVC.swift; sourceTree = "<group>"; };
		46DFE40C2B57FF9F00B892B4 /* GFTitleLabel.swift */ = {isa = PBXFileReference; lastKnownFileType = sourcecode.swift; path = GFTitleLabel.swift; sourceTree = "<group>"; };
		46DFE40E2B5819D400B892B4 /* GFBodyLabel.swift */ = {isa = PBXFileReference; lastKnownFileType = sourcecode.swift; path = GFBodyLabel.swift; sourceTree = "<group>"; };
		46DFE4102B581AE600B892B4 /* GFAlertVC.swift */ = {isa = PBXFileReference; lastKnownFileType = sourcecode.swift; path = GFAlertVC.swift; sourceTree = "<group>"; };
		46DFE4122B5828E300B892B4 /* UIViewController+Ext.swift */ = {isa = PBXFileReference; lastKnownFileType = sourcecode.swift; path = "UIViewController+Ext.swift"; sourceTree = "<group>"; };
		46DFE4192B5841D500B892B4 /* Follower.swift */ = {isa = PBXFileReference; lastKnownFileType = sourcecode.swift; path = Follower.swift; sourceTree = "<group>"; };
		46DFE41B2B58429200B892B4 /* User.swift */ = {isa = PBXFileReference; lastKnownFileType = sourcecode.swift; path = User.swift; sourceTree = "<group>"; };
		46DFE41E2B5845E900B892B4 /* NetworkManager.swift */ = {isa = PBXFileReference; lastKnownFileType = sourcecode.swift; path = NetworkManager.swift; sourceTree = "<group>"; };
		46DFE4242B5877DF00B892B4 /* FollowerCell.swift */ = {isa = PBXFileReference; lastKnownFileType = sourcecode.swift; path = FollowerCell.swift; sourceTree = "<group>"; };
		46DFE4262B58786800B892B4 /* GFAvatarImageView.swift */ = {isa = PBXFileReference; lastKnownFileType = sourcecode.swift; path = GFAvatarImageView.swift; sourceTree = "<group>"; };
		46DFE4282B590FE200B892B4 /* UIHelper.swift */ = {isa = PBXFileReference; lastKnownFileType = sourcecode.swift; path = UIHelper.swift; sourceTree = "<group>"; };
		46DFE4302B591D5C00B892B4 /* GFEmptyStateView.swift */ = {isa = PBXFileReference; lastKnownFileType = sourcecode.swift; path = GFEmptyStateView.swift; sourceTree = "<group>"; };
		46DFE4322B59312200B892B4 /* UserInfoVC.swift */ = {isa = PBXFileReference; lastKnownFileType = sourcecode.swift; path = UserInfoVC.swift; sourceTree = "<group>"; };
		46DFE4342B593A9500B892B4 /* GFError.swift */ = {isa = PBXFileReference; lastKnownFileType = sourcecode.swift; path = GFError.swift; sourceTree = "<group>"; };
/* End PBXFileReference section */

/* Begin PBXFrameworksBuildPhase section */
		46DFE3E82B57C67E00B892B4 /* Frameworks */ = {
			isa = PBXFrameworksBuildPhase;
			buildActionMask = 2147483647;
			files = (
			);
			runOnlyForDeploymentPostprocessing = 0;
		};
/* End PBXFrameworksBuildPhase section */

/* Begin PBXGroup section */
		465590DB2B59542F00178CFE /* ItemInfoVCs */ = {
			isa = PBXGroup;
			children = (
				465590D52B59508100178CFE /* GFItemInfoVC.swift */,
				465590D72B59529D00178CFE /* GFRepoItemVC.swift */,
				465590D92B5953E800178CFE /* GFFollowerItemVC.swift */,
			);
			path = ItemInfoVCs;
			sourceTree = "<group>";
		};
		46DFE3E22B57C67E00B892B4 = {
			isa = PBXGroup;
			children = (
				46DFE3ED2B57C67E00B892B4 /* GithubFollowers */,
				46DFE3EC2B57C67E00B892B4 /* Products */,
			);
			sourceTree = "<group>";
		};
		46DFE3EC2B57C67E00B892B4 /* Products */ = {
			isa = PBXGroup;
			children = (
				46DFE3EB2B57C67E00B892B4 /* GithubFollowers.app */,
			);
			name = Products;
			sourceTree = "<group>";
		};
		46DFE3ED2B57C67E00B892B4 /* GithubFollowers */ = {
			isa = PBXGroup;
			children = (
				46DFE4202B58738A00B892B4 /* Utilities */,
				46DFE41D2B5845D600B892B4 /* Managers */,
				46DFE3FC2B57C68000B892B4 /* Info.plist */,
				46DFE4182B5841C700B892B4 /* Model */,
				46DFE4172B583E4C00B892B4 /* Support */,
				46DFE4162B583DFC00B892B4 /* Extensions */,
				46DFE4152B583DBA00B892B4 /* Custom Views */,
				46DFE4142B583D8500B892B4 /* Screens */,
			);
			path = GithubFollowers;
			sourceTree = "<group>";
		};
		46DFE4142B583D8500B892B4 /* Screens */ = {
			isa = PBXGroup;
			children = (
				46DFE40A2B57EB6E00B892B4 /* FollowerListVC.swift */,
				46DFE4042B57D04D00B892B4 /* FavoritesListVC.swift */,
				46DFE4022B57D01900B892B4 /* SearchVC.swift */,
				46DFE4322B59312200B892B4 /* UserInfoVC.swift */,
			);
			path = Screens;
			sourceTree = "<group>";
		};
		46DFE4152B583DBA00B892B4 /* Custom Views */ = {
			isa = PBXGroup;
			children = (
				46DFE42F2B591D2D00B892B4 /* Labels */,
				46DFE42E2B591D1600B892B4 /* View Controllers */,
				46DFE42D2B591D0100B892B4 /* ImageViews */,
				46DFE42C2B591CF800B892B4 /* TextFields */,
				46DFE42B2B591CF000B892B4 /* Buttons */,
				46DFE42A2B591CE400B892B4 /* Views */,
				46DFE4232B5877C200B892B4 /* Cells */,
			);
			path = "Custom Views";
			sourceTree = "<group>";
		};
		46DFE4162B583DFC00B892B4 /* Extensions */ = {
			isa = PBXGroup;
			children = (
				46DFE4122B5828E300B892B4 /* UIViewController+Ext.swift */,
				465590DC2B5A5EB000178CFE /* Date+Ext.swift */,
				465590DE2B5A5EEF00178CFE /* String+Ext.swift */,
			);
			path = Extensions;
			sourceTree = "<group>";
		};
		46DFE4172B583E4C00B892B4 /* Support */ = {
			isa = PBXGroup;
			children = (
				46DFE3F72B57C68000B892B4 /* Assets.xcassets */,
				46DFE3F92B57C68000B892B4 /* LaunchScreen.storyboard */,
				46DFE3EE2B57C67E00B892B4 /* AppDelegate.swift */,
				46DFE3F02B57C67E00B892B4 /* SceneDelegate.swift */,
			);
			path = Support;
			sourceTree = "<group>";
		};
		46DFE4182B5841C700B892B4 /* Model */ = {
			isa = PBXGroup;
			children = (
				46DFE4192B5841D500B892B4 /* Follower.swift */,
				46DFE41B2B58429200B892B4 /* User.swift */,
			);
			path = Model;
			sourceTree = "<group>";
		};
		46DFE41D2B5845D600B892B4 /* Managers */ = {
			isa = PBXGroup;
			children = (
				46DFE41E2B5845E900B892B4 /* NetworkManager.swift */,
				465590E02B5A890C00178CFE /* PersistenceManager.swift */,
			);
			path = Managers;
			sourceTree = "<group>";
		};
		46DFE4202B58738A00B892B4 /* Utilities */ = {
			isa = PBXGroup;
			children = (
				46DFE4282B590FE200B892B4 /* UIHelper.swift */,
				46DFE4342B593A9500B892B4 /* GFError.swift */,
				465590D12B59436600178CFE /* Constants.swift */,
			);
			path = Utilities;
			sourceTree = "<group>";
		};
		46DFE4232B5877C200B892B4 /* Cells */ = {
			isa = PBXGroup;
			children = (
				46DFE4242B5877DF00B892B4 /* FollowerCell.swift */,
			);
			path = Cells;
			sourceTree = "<group>";
		};
		46DFE42A2B591CE400B892B4 /* Views */ = {
			isa = PBXGroup;
			children = (
				46DFE4302B591D5C00B892B4 /* GFEmptyStateView.swift */,
				465590D32B594C2400178CFE /* GFItemInfoView.swift */,
			);
			path = Views;
			sourceTree = "<group>";
		};
		46DFE42B2B591CF000B892B4 /* Buttons */ = {
			isa = PBXGroup;
			children = (
				46DFE4062B57D48F00B892B4 /* GFButton.swift */,
			);
			path = Buttons;
			sourceTree = "<group>";
		};
		46DFE42C2B591CF800B892B4 /* TextFields */ = {
			isa = PBXGroup;
			children = (
				46DFE4082B57D7DB00B892B4 /* GFTextField.swift */,
			);
			path = TextFields;
			sourceTree = "<group>";
		};
		46DFE42D2B591D0100B892B4 /* ImageViews */ = {
			isa = PBXGroup;
			children = (
				46DFE4262B58786800B892B4 /* GFAvatarImageView.swift */,
			);
			path = ImageViews;
			sourceTree = "<group>";
		};
		46DFE42E2B591D1600B892B4 /* View Controllers */ = {
			isa = PBXGroup;
			children = (
				465590DB2B59542F00178CFE /* ItemInfoVCs */,
				46DFE4102B581AE600B892B4 /* GFAlertVC.swift */,
				465590CD2B593D1A00178CFE /* GFUserInfoHeaderVC.swift */,
			);
			path = "View Controllers";
			sourceTree = "<group>";
		};
		46DFE42F2B591D2D00B892B4 /* Labels */ = {
			isa = PBXGroup;
			children = (
				46DFE40E2B5819D400B892B4 /* GFBodyLabel.swift */,
				46DFE40C2B57FF9F00B892B4 /* GFTitleLabel.swift */,
				465590CF2B593D4500178CFE /* GFSecondaryTitleLabel.swift */,
			);
			path = Labels;
			sourceTree = "<group>";
		};
/* End PBXGroup section */

/* Begin PBXNativeTarget section */
		46DFE3EA2B57C67E00B892B4 /* GithubFollowers */ = {
			isa = PBXNativeTarget;
			buildConfigurationList = 46DFE3FF2B57C68000B892B4 /* Build configuration list for PBXNativeTarget "GithubFollowers" */;
			buildPhases = (
				46DFE3E72B57C67E00B892B4 /* Sources */,
				46DFE3E82B57C67E00B892B4 /* Frameworks */,
				46DFE3E92B57C67E00B892B4 /* Resources */,
			);
			buildRules = (
			);
			dependencies = (
			);
			name = GithubFollowers;
			productName = GithubFollowers;
			productReference = 46DFE3EB2B57C67E00B892B4 /* GithubFollowers.app */;
			productType = "com.apple.product-type.application";
		};
/* End PBXNativeTarget section */

/* Begin PBXProject section */
		46DFE3E32B57C67E00B892B4 /* Project object */ = {
			isa = PBXProject;
			attributes = {
				BuildIndependentTargetsInParallel = 1;
				LastSwiftUpdateCheck = 1510;
				LastUpgradeCheck = 1510;
				TargetAttributes = {
					46DFE3EA2B57C67E00B892B4 = {
						CreatedOnToolsVersion = 15.1;
					};
				};
			};
			buildConfigurationList = 46DFE3E62B57C67E00B892B4 /* Build configuration list for PBXProject "GithubFollowers" */;
			compatibilityVersion = "Xcode 14.0";
			developmentRegion = en;
			hasScannedForEncodings = 0;
			knownRegions = (
				en,
				Base,
			);
			mainGroup = 46DFE3E22B57C67E00B892B4;
			productRefGroup = 46DFE3EC2B57C67E00B892B4 /* Products */;
			projectDirPath = "";
			projectRoot = "";
			targets = (
				46DFE3EA2B57C67E00B892B4 /* GithubFollowers */,
			);
		};
/* End PBXProject section */

/* Begin PBXResourcesBuildPhase section */
		46DFE3E92B57C67E00B892B4 /* Resources */ = {
			isa = PBXResourcesBuildPhase;
			buildActionMask = 2147483647;
			files = (
				46DFE3FB2B57C68000B892B4 /* LaunchScreen.storyboard in Resources */,
				46DFE3F82B57C68000B892B4 /* Assets.xcassets in Resources */,
			);
			runOnlyForDeploymentPostprocessing = 0;
		};
/* End PBXResourcesBuildPhase section */

/* Begin PBXSourcesBuildPhase section */
		46DFE3E72B57C67E00B892B4 /* Sources */ = {
			isa = PBXSourcesBuildPhase;
			buildActionMask = 2147483647;
			files = (
				46DFE41C2B58429200B892B4 /* User.swift in Sources */,
				46DFE4092B57D7DB00B892B4 /* GFTextField.swift in Sources */,
				46DFE4052B57D04D00B892B4 /* FavoritesListVC.swift in Sources */,
				465590DF2B5A5EEF00178CFE /* String+Ext.swift in Sources */,
				46DFE4072B57D48F00B892B4 /* GFButton.swift in Sources */,
				46DFE4132B5828E300B892B4 /* UIViewController+Ext.swift in Sources */,
				46DFE4292B590FE200B892B4 /* UIHelper.swift in Sources */,
				465590D62B59508100178CFE /* GFItemInfoVC.swift in Sources */,
				465590D22B59436600178CFE /* Constants.swift in Sources */,
				46DFE4272B58786800B892B4 /* GFAvatarImageView.swift in Sources */,
				46DFE4032B57D01900B892B4 /* SearchVC.swift in Sources */,
				46DFE4112B581AE600B892B4 /* GFAlertVC.swift in Sources */,
				465590DA2B5953E800178CFE /* GFFollowerItemVC.swift in Sources */,
				465590D42B594C2400178CFE /* GFItemInfoView.swift in Sources */,
				46DFE4252B5877DF00B892B4 /* FollowerCell.swift in Sources */,
				46DFE40F2B5819D400B892B4 /* GFBodyLabel.swift in Sources */,
				465590CE2B593D1A00178CFE /* GFUserInfoHeaderVC.swift in Sources */,
				46DFE4352B593A9500B892B4 /* GFError.swift in Sources */,
				46DFE41A2B5841D500B892B4 /* Follower.swift in Sources */,
				46DFE40D2B57FF9F00B892B4 /* GFTitleLabel.swift in Sources */,
				465590DD2B5A5EB000178CFE /* Date+Ext.swift in Sources */,
				465590E12B5A890C00178CFE /* PersistenceManager.swift in Sources */,
				465590D02B593D4500178CFE /* GFSecondaryTitleLabel.swift in Sources */,
				46DFE4312B591D5C00B892B4 /* GFEmptyStateView.swift in Sources */,
				46DFE41F2B5845E900B892B4 /* NetworkManager.swift in Sources */,
				46DFE40B2B57EB6E00B892B4 /* FollowerListVC.swift in Sources */,
				46DFE3EF2B57C67E00B892B4 /* AppDelegate.swift in Sources */,
				46DFE3F12B57C67E00B892B4 /* SceneDelegate.swift in Sources */,
				465590D82B59529D00178CFE /* GFRepoItemVC.swift in Sources */,
				46DFE4332B59312200B892B4 /* UserInfoVC.swift in Sources */,
			);
			runOnlyForDeploymentPostprocessing = 0;
		};
/* End PBXSourcesBuildPhase section */

/* Begin PBXVariantGroup section */
		46DFE3F92B57C68000B892B4 /* LaunchScreen.storyboard */ = {
			isa = PBXVariantGroup;
			children = (
				46DFE3FA2B57C68000B892B4 /* Base */,
			);
			name = LaunchScreen.storyboard;
			sourceTree = "<group>";
		};
/* End PBXVariantGroup section */

/* Begin XCBuildConfiguration section */
		46DFE3FD2B57C68000B892B4 /* Debug */ = {
			isa = XCBuildConfiguration;
			buildSettings = {
				ALWAYS_SEARCH_USER_PATHS = NO;
				ASSETCATALOG_COMPILER_GENERATE_SWIFT_ASSET_SYMBOL_EXTENSIONS = YES;
				CLANG_ANALYZER_NONNULL = YES;
				CLANG_ANALYZER_NUMBER_OBJECT_CONVERSION = YES_AGGRESSIVE;
				CLANG_CXX_LANGUAGE_STANDARD = "gnu++20";
				CLANG_ENABLE_MODULES = YES;
				CLANG_ENABLE_OBJC_ARC = YES;
				CLANG_ENABLE_OBJC_WEAK = YES;
				CLANG_WARN_BLOCK_CAPTURE_AUTORELEASING = YES;
				CLANG_WARN_BOOL_CONVERSION = YES;
				CLANG_WARN_COMMA = YES;
				CLANG_WARN_CONSTANT_CONVERSION = YES;
				CLANG_WARN_DEPRECATED_OBJC_IMPLEMENTATIONS = YES;
				CLANG_WARN_DIRECT_OBJC_ISA_USAGE = YES_ERROR;
				CLANG_WARN_DOCUMENTATION_COMMENTS = YES;
				CLANG_WARN_EMPTY_BODY = YES;
				CLANG_WARN_ENUM_CONVERSION = YES;
				CLANG_WARN_INFINITE_RECURSION = YES;
				CLANG_WARN_INT_CONVERSION = YES;
				CLANG_WARN_NON_LITERAL_NULL_CONVERSION = YES;
				CLANG_WARN_OBJC_IMPLICIT_RETAIN_SELF = YES;
				CLANG_WARN_OBJC_LITERAL_CONVERSION = YES;
				CLANG_WARN_OBJC_ROOT_CLASS = YES_ERROR;
				CLANG_WARN_QUOTED_INCLUDE_IN_FRAMEWORK_HEADER = YES;
				CLANG_WARN_RANGE_LOOP_ANALYSIS = YES;
				CLANG_WARN_STRICT_PROTOTYPES = YES;
				CLANG_WARN_SUSPICIOUS_MOVE = YES;
				CLANG_WARN_UNGUARDED_AVAILABILITY = YES_AGGRESSIVE;
				CLANG_WARN_UNREACHABLE_CODE = YES;
				CLANG_WARN__DUPLICATE_METHOD_MATCH = YES;
				COPY_PHASE_STRIP = NO;
				DEBUG_INFORMATION_FORMAT = dwarf;
				ENABLE_STRICT_OBJC_MSGSEND = YES;
				ENABLE_TESTABILITY = YES;
				ENABLE_USER_SCRIPT_SANDBOXING = YES;
				GCC_C_LANGUAGE_STANDARD = gnu17;
				GCC_DYNAMIC_NO_PIC = NO;
				GCC_NO_COMMON_BLOCKS = YES;
				GCC_OPTIMIZATION_LEVEL = 0;
				GCC_PREPROCESSOR_DEFINITIONS = (
					"DEBUG=1",
					"$(inherited)",
				);
				GCC_WARN_64_TO_32_BIT_CONVERSION = YES;
				GCC_WARN_ABOUT_RETURN_TYPE = YES_ERROR;
				GCC_WARN_UNDECLARED_SELECTOR = YES;
				GCC_WARN_UNINITIALIZED_AUTOS = YES_AGGRESSIVE;
				GCC_WARN_UNUSED_FUNCTION = YES;
				GCC_WARN_UNUSED_VARIABLE = YES;
				IPHONEOS_DEPLOYMENT_TARGET = 17.2;
				LOCALIZATION_PREFERS_STRING_CATALOGS = YES;
				MTL_ENABLE_DEBUG_INFO = INCLUDE_SOURCE;
				MTL_FAST_MATH = YES;
				ONLY_ACTIVE_ARCH = YES;
				SDKROOT = iphoneos;
				SWIFT_ACTIVE_COMPILATION_CONDITIONS = "DEBUG $(inherited)";
				SWIFT_OPTIMIZATION_LEVEL = "-Onone";
			};
			name = Debug;
		};
		46DFE3FE2B57C68000B892B4 /* Release */ = {
			isa = XCBuildConfiguration;
			buildSettings = {
				ALWAYS_SEARCH_USER_PATHS = NO;
				ASSETCATALOG_COMPILER_GENERATE_SWIFT_ASSET_SYMBOL_EXTENSIONS = YES;
				CLANG_ANALYZER_NONNULL = YES;
				CLANG_ANALYZER_NUMBER_OBJECT_CONVERSION = YES_AGGRESSIVE;
				CLANG_CXX_LANGUAGE_STANDARD = "gnu++20";
				CLANG_ENABLE_MODULES = YES;
				CLANG_ENABLE_OBJC_ARC = YES;
				CLANG_ENABLE_OBJC_WEAK = YES;
				CLANG_WARN_BLOCK_CAPTURE_AUTORELEASING = YES;
				CLANG_WARN_BOOL_CONVERSION = YES;
				CLANG_WARN_COMMA = YES;
				CLANG_WARN_CONSTANT_CONVERSION = YES;
				CLANG_WARN_DEPRECATED_OBJC_IMPLEMENTATIONS = YES;
				CLANG_WARN_DIRECT_OBJC_ISA_USAGE = YES_ERROR;
				CLANG_WARN_DOCUMENTATION_COMMENTS = YES;
				CLANG_WARN_EMPTY_BODY = YES;
				CLANG_WARN_ENUM_CONVERSION = YES;
				CLANG_WARN_INFINITE_RECURSION = YES;
				CLANG_WARN_INT_CONVERSION = YES;
				CLANG_WARN_NON_LITERAL_NULL_CONVERSION = YES;
				CLANG_WARN_OBJC_IMPLICIT_RETAIN_SELF = YES;
				CLANG_WARN_OBJC_LITERAL_CONVERSION = YES;
				CLANG_WARN_OBJC_ROOT_CLASS = YES_ERROR;
				CLANG_WARN_QUOTED_INCLUDE_IN_FRAMEWORK_HEADER = YES;
				CLANG_WARN_RANGE_LOOP_ANALYSIS = YES;
				CLANG_WARN_STRICT_PROTOTYPES = YES;
				CLANG_WARN_SUSPICIOUS_MOVE = YES;
				CLANG_WARN_UNGUARDED_AVAILABILITY = YES_AGGRESSIVE;
				CLANG_WARN_UNREACHABLE_CODE = YES;
				CLANG_WARN__DUPLICATE_METHOD_MATCH = YES;
				COPY_PHASE_STRIP = NO;
				DEBUG_INFORMATION_FORMAT = "dwarf-with-dsym";
				ENABLE_NS_ASSERTIONS = NO;
				ENABLE_STRICT_OBJC_MSGSEND = YES;
				ENABLE_USER_SCRIPT_SANDBOXING = YES;
				GCC_C_LANGUAGE_STANDARD = gnu17;
				GCC_NO_COMMON_BLOCKS = YES;
				GCC_WARN_64_TO_32_BIT_CONVERSION = YES;
				GCC_WARN_ABOUT_RETURN_TYPE = YES_ERROR;
				GCC_WARN_UNDECLARED_SELECTOR = YES;
				GCC_WARN_UNINITIALIZED_AUTOS = YES_AGGRESSIVE;
				GCC_WARN_UNUSED_FUNCTION = YES;
				GCC_WARN_UNUSED_VARIABLE = YES;
				IPHONEOS_DEPLOYMENT_TARGET = 17.2;
				LOCALIZATION_PREFERS_STRING_CATALOGS = YES;
				MTL_ENABLE_DEBUG_INFO = NO;
				MTL_FAST_MATH = YES;
				SDKROOT = iphoneos;
				SWIFT_COMPILATION_MODE = wholemodule;
				VALIDATE_PRODUCT = YES;
			};
			name = Release;
		};
		46DFE4002B57C68000B892B4 /* Debug */ = {
			isa = XCBuildConfiguration;
			buildSettings = {
				ASSETCATALOG_COMPILER_APPICON_NAME = AppIcon;
				ASSETCATALOG_COMPILER_GLOBAL_ACCENT_COLOR_NAME = AccentColor;
				CODE_SIGN_STYLE = Automatic;
				CURRENT_PROJECT_VERSION = 1;
				DEVELOPMENT_TEAM = B89D4GA757;
				GENERATE_INFOPLIST_FILE = YES;
				INFOPLIST_FILE = GithubFollowers/Info.plist;
				INFOPLIST_KEY_UIApplicationSupportsIndirectInputEvents = YES;
				INFOPLIST_KEY_UILaunchStoryboardName = LaunchScreen;
				INFOPLIST_KEY_UISupportedInterfaceOrientations = UIInterfaceOrientationPortrait;
				INFOPLIST_KEY_UISupportedInterfaceOrientations_iPad = "UIInterfaceOrientationLandscapeLeft UIInterfaceOrientationLandscapeRight UIInterfaceOrientationPortrait UIInterfaceOrientationPortraitUpsideDown";
				LD_RUNPATH_SEARCH_PATHS = (
					"$(inherited)",
					"@executable_path/Frameworks",
				);
				MARKETING_VERSION = 1.0;
				PRODUCT_BUNDLE_IDENTIFIER = com.lyndrayapps.GithubFollowers;
				PRODUCT_NAME = "$(TARGET_NAME)";
				SWIFT_EMIT_LOC_STRINGS = YES;
				SWIFT_VERSION = 5.0;
				TARGETED_DEVICE_FAMILY = "1,2";
			};
			name = Debug;
		};
		46DFE4012B57C68000B892B4 /* Release */ = {
			isa = XCBuildConfiguration;
			buildSettings = {
				ASSETCATALOG_COMPILER_APPICON_NAME = AppIcon;
				ASSETCATALOG_COMPILER_GLOBAL_ACCENT_COLOR_NAME = AccentColor;
				CODE_SIGN_STYLE = Automatic;
				CURRENT_PROJECT_VERSION = 1;
				DEVELOPMENT_TEAM = B89D4GA757;
				GENERATE_INFOPLIST_FILE = YES;
				INFOPLIST_FILE = GithubFollowers/Info.plist;
				INFOPLIST_KEY_UIApplicationSupportsIndirectInputEvents = YES;
				INFOPLIST_KEY_UILaunchStoryboardName = LaunchScreen;
				INFOPLIST_KEY_UISupportedInterfaceOrientations = UIInterfaceOrientationPortrait;
				INFOPLIST_KEY_UISupportedInterfaceOrientations_iPad = "UIInterfaceOrientationLandscapeLeft UIInterfaceOrientationLandscapeRight UIInterfaceOrientationPortrait UIInterfaceOrientationPortraitUpsideDown";
				LD_RUNPATH_SEARCH_PATHS = (
					"$(inherited)",
					"@executable_path/Frameworks",
				);
				MARKETING_VERSION = 1.0;
				PRODUCT_BUNDLE_IDENTIFIER = com.lyndrayapps.GithubFollowers;
				PRODUCT_NAME = "$(TARGET_NAME)";
				SWIFT_EMIT_LOC_STRINGS = YES;
				SWIFT_VERSION = 5.0;
				TARGETED_DEVICE_FAMILY = "1,2";
			};
			name = Release;
		};
/* End XCBuildConfiguration section */

/* Begin XCConfigurationList section */
		46DFE3E62B57C67E00B892B4 /* Build configuration list for PBXProject "GithubFollowers" */ = {
			isa = XCConfigurationList;
			buildConfigurations = (
				46DFE3FD2B57C68000B892B4 /* Debug */,
				46DFE3FE2B57C68000B892B4 /* Release */,
			);
			defaultConfigurationIsVisible = 0;
			defaultConfigurationName = Release;
		};
		46DFE3FF2B57C68000B892B4 /* Build configuration list for PBXNativeTarget "GithubFollowers" */ = {
			isa = XCConfigurationList;
			buildConfigurations = (
				46DFE4002B57C68000B892B4 /* Debug */,
				46DFE4012B57C68000B892B4 /* Release */,
			);
			defaultConfigurationIsVisible = 0;
			defaultConfigurationName = Release;
		};
/* End XCConfigurationList section */
	};
	rootObject = 46DFE3E32B57C67E00B892B4 /* Project object */;
}
