// !$*UTF8*$!
{
	archiveVersion = 1;
	classes = {
	};
	objectVersion = 56;
	objects = {

/* Begin PBXBuildFile section */
		46DFE3EF2B57C67E00B892B4 /* AppDelegate.swift in Sources */ = {isa = PBXBuildFile; fileRef = 46DFE3EE2B57C67E00B892B4 /* AppDelegate.swift */; };
		46DFE3F12B57C67E00B892B4 /* SceneDelegate.swift in Sources */ = {isa = PBXBuildFile; fileRef = 46DFE3F02B57C67E00B892B4 /* SceneDelegate.swift */; };
		46DFE3F82B57C68000B892B4 /* Assets.xcassets in Resources */ = {isa = PBXBuildFile; fileRef = 46DFE3F72B57C68000B892B4 /* Assets.xcassets */; };
		46DFE3FB2B57C68000B892B4 /* LaunchScreen.storyboard in Resources */ = {isa = PBXBuildFile; fileRef = 46DFE3F92B57C68000B892B4 /* LaunchScreen.storyboard */; };
		46DFE4032B57D01900B892B4 /* SearchVC.swift in Sources */ = {isa = PBXBuildFile; fileRef = 46DFE4022B57D01900B892B4 /* SearchVC.swift */; };
		46DFE4052B57D04D00B892B4 /* FavoritesListVC.swift in Sources */ = {isa = PBXBuildFile; fileRef = 46DFE4042B57D04D00B892B4 /* FavoritesListVC.swift */; };
		46DFE4072B57D48F00B892B4 /* GFButton.swift in Sources */ = {isa = PBXBuildFile; fileRef = 46DFE4062B57D48F00B892B4 /* GFButton.swift */; };
		46DFE4092B57D7DB00B892B4 /* GFTextField.swift in Sources */ = {isa = PBXBuildFile; fileRef = 46DFE4082B57D7DB00B892B4 /* GFTextField.swift */; };
		46DFE40B2B57EB6E00B892B4 /* FollowerListVC.swift in Sources */ = {isa = PBXBuildFile; fileRef = 46DFE40A2B57EB6E00B892B4 /* FollowerListVC.swift */; };
		46DFE40D2B57FF9F00B892B4 /* GFTitleLabel.swift in Sources */ = {isa = PBXBuildFile; fileRef = 46DFE40C2B57FF9F00B892B4 /* GFTitleLabel.swift */; };
		46DFE40F2B5819D400B892B4 /* GFBodyLabel.swift in Sources */ = {isa = PBXBuildFile; fileRef = 46DFE40E2B5819D400B892B4 /* GFBodyLabel.swift */; };
		46DFE4112B581AE600B892B4 /* GFAlertVC.swift in Sources */ = {isa = PBXBuildFile; fileRef = 46DFE4102B581AE600B892B4 /* GFAlertVC.swift */; };
		46DFE4132B5828E300B892B4 /* UIViewController+Ext.swift in Sources */ = {isa = PBXBuildFile; fileRef = 46DFE4122B5828E300B892B4 /* UIViewController+Ext.swift */; };
/* End PBXBuildFile section */

/* Begin PBXFileReference section */
		46DFE3EB2B57C67E00B892B4 /* GithubFollowers.app */ = {isa = PBXFileReference; explicitFileType = wrapper.application; includeInIndex = 0; path = GithubFollowers.app; sourceTree = BUILT_PRODUCTS_DIR; };
		46DFE3EE2B57C67E00B892B4 /* AppDelegate.swift */ = {isa = PBXFileReference; lastKnownFileType = sourcecode.swift; path = AppDelegate.swift; sourceTree = "<group>"; };
		46DFE3F02B57C67E00B892B4 /* SceneDelegate.swift */ = {isa = PBXFileReference; lastKnownFileType = sourcecode.swift; path = SceneDelegate.swift; sourceTree = "<group>"; };
		46DFE3F72B57C68000B892B4 /* Assets.xcassets */ = {isa = PBXFileReference; lastKnownFileType = folder.assetcatalog; path = Assets.xcassets; sourceTree = "<group>"; };
		46DFE3FA2B57C68000B892B4 /* Base */ = {isa = PBXFileReference; lastKnownFileType = file.storyboard; name = Base; path = Base.lproj/LaunchScreen.storyboard; sourceTree = "<group>"; };
		46DFE3FC2B57C68000B892B4 /* Info.plist */ = {isa = PBXFileReference; lastKnownFileType = text.plist.xml; path = Info.plist; sourceTree = "<group>"; };
		46DFE4022B57D01900B892B4 /* SearchVC.swift */ = {isa = PBXFileReference; lastKnownFileType = sourcecode.swift; path = SearchVC.swift; sourceTree = "<group>"; };
		46DFE4042B57D04D00B892B4 /* FavoritesListVC.swift */ = {isa = PBXFileReference; lastKnownFileType = sourcecode.swift; path = FavoritesListVC.swift; sourceTree = "<group>"; };
		46DFE4062B57D48F00B892B4 /* GFButton.swift */ = {isa = PBXFileReference; lastKnownFileType = sourcecode.swift; path = GFButton.swift; sourceTree = "<group>"; };
		46DFE4082B57D7DB00B892B4 /* GFTextField.swift */ = {isa = PBXFileReference; lastKnownFileType = sourcecode.swift; path = GFTextField.swift; sourceTree = "<group>"; };
		46DFE40A2B57EB6E00B892B4 /* FollowerListVC.swift */ = {isa = PBXFileReference; lastKnownFileType = sourcecode.swift; path = FollowerListVC.swift; sourceTree = "<group>"; };
		46DFE40C2B57FF9F00B892B4 /* GFTitleLabel.swift */ = {isa = PBXFileReference; lastKnownFileType = sourcecode.swift; path = GFTitleLabel.swift; sourceTree = "<group>"; };
		46DFE40E2B5819D400B892B4 /* GFBodyLabel.swift */ = {isa = PBXFileReference; lastKnownFileType = sourcecode.swift; path = GFBodyLabel.swift; sourceTree = "<group>"; };
		46DFE4102B581AE600B892B4 /* GFAlertVC.swift */ = {isa = PBXFileReference; lastKnownFileType = sourcecode.swift; path = GFAlertVC.swift; sourceTree = "<group>"; };
		46DFE4122B5828E300B892B4 /* UIViewController+Ext.swift */ = {isa = PBXFileReference; lastKnownFileType = sourcecode.swift; path = "UIViewController+Ext.swift"; sourceTree = "<group>"; };
/* End PBXFileReference section */

/* Begin PBXFrameworksBuildPhase section */
		46DFE3E82B57C67E00B892B4 /* Frameworks */ = {
			isa = PBXFrameworksBuildPhase;
			buildActionMask = 2147483647;
			files = (
			);
			runOnlyForDeploymentPostprocessing = 0;
		};
/* End PBXFrameworksBuildPhase section */

/* Begin PBXGroup section */
		46DFE3E22B57C67E00B892B4 = {
			isa = PBXGroup;
			children = (
				46DFE3ED2B57C67E00B892B4 /* GithubFollowers */,
				46DFE3EC2B57C67E00B892B4 /* Products */,
			);
			sourceTree = "<group>";
		};
		46DFE3EC2B57C67E00B892B4 /* Products */ = {
			isa = PBXGroup;
			children = (
				46DFE3EB2B57C67E00B892B4 /* GithubFollowers.app */,
			);
			name = Products;
			sourceTree = "<group>";
		};
		46DFE3ED2B57C67E00B892B4 /* GithubFollowers */ = {
			isa = PBXGroup;
			children = (
				46DFE3EE2B57C67E00B892B4 /* AppDelegate.swift */,
				46DFE3F02B57C67E00B892B4 /* SceneDelegate.swift */,
				46DFE3F72B57C68000B892B4 /* Assets.xcassets */,
				46DFE3F92B57C68000B892B4 /* LaunchScreen.storyboard */,
				46DFE3FC2B57C68000B892B4 /* Info.plist */,
				46DFE4022B57D01900B892B4 /* SearchVC.swift */,
				46DFE4042B57D04D00B892B4 /* FavoritesListVC.swift */,
				46DFE4062B57D48F00B892B4 /* GFButton.swift */,
				46DFE4082B57D7DB00B892B4 /* GFTextField.swift */,
				46DFE40A2B57EB6E00B892B4 /* FollowerListVC.swift */,
				46DFE40C2B57FF9F00B892B4 /* GFTitleLabel.swift */,
				46DFE40E2B5819D400B892B4 /* GFBodyLabel.swift */,
				46DFE4102B581AE600B892B4 /* GFAlertVC.swift */,
				46DFE4122B5828E300B892B4 /* UIViewController+Ext.swift */,
			);
			path = GithubFollowers;
			sourceTree = "<group>";
		};
/* End PBXGroup section */

/* Begin PBXNativeTarget section */
		46DFE3EA2B57C67E00B892B4 /* GithubFollowers */ = {
			isa = PBXNativeTarget;
			buildConfigurationList = 46DFE3FF2B57C68000B892B4 /* Build configuration list for PBXNativeTarget "GithubFollowers" */;
			buildPhases = (
				46DFE3E72B57C67E00B892B4 /* Sources */,
				46DFE3E82B57C67E00B892B4 /* Frameworks */,
				46DFE3E92B57C67E00B892B4 /* Resources */,
			);
			buildRules = (
			);
			dependencies = (
			);
			name = GithubFollowers;
			productName = GithubFollowers;
			productReference = 46DFE3EB2B57C67E00B892B4 /* GithubFollowers.app */;
			productType = "com.apple.product-type.application";
		};
/* End PBXNativeTarget section */

/* Begin PBXProject section */
		46DFE3E32B57C67E00B892B4 /* Project object */ = {
			isa = PBXProject;
			attributes = {
				BuildIndependentTargetsInParallel = 1;
				LastSwiftUpdateCheck = 1510;
				LastUpgradeCheck = 1510;
				TargetAttributes = {
					46DFE3EA2B57C67E00B892B4 = {
						CreatedOnToolsVersion = 15.1;
					};
				};
			};
			buildConfigurationList = 46DFE3E62B57C67E00B892B4 /* Build configuration list for PBXProject "GithubFollowers" */;
			compatibilityVersion = "Xcode 14.0";
			developmentRegion = en;
			hasScannedForEncodings = 0;
			knownRegions = (
				en,
				Base,
			);
			mainGroup = 46DFE3E22B57C67E00B892B4;
			productRefGroup = 46DFE3EC2B57C67E00B892B4 /* Products */;
			projectDirPath = "";
			projectRoot = "";
			targets = (
				46DFE3EA2B57C67E00B892B4 /* GithubFollowers */,
			);
		};
/* End PBXProject section */

/* Begin PBXResourcesBuildPhase section */
		46DFE3E92B57C67E00B892B4 /* Resources */ = {
			isa = PBXResourcesBuildPhase;
			buildActionMask = 2147483647;
			files = (
				46DFE3FB2B57C68000B892B4 /* LaunchScreen.storyboard in Resources */,
				46DFE3F82B57C68000B892B4 /* Assets.xcassets in Resources */,
			);
			runOnlyForDeploymentPostprocessing = 0;
		};
/* End PBXResourcesBuildPhase section */

/* Begin PBXSourcesBuildPhase section */
		46DFE3E72B57C67E00B892B4 /* Sources */ = {
			isa = PBXSourcesBuildPhase;
			buildActionMask = 2147483647;
			files = (
				46DFE4092B57D7DB00B892B4 /* GFTextField.swift in Sources */,
				46DFE4052B57D04D00B892B4 /* FavoritesListVC.swift in Sources */,
				46DFE4072B57D48F00B892B4 /* GFButton.swift in Sources */,
				46DFE4132B5828E300B892B4 /* UIViewController+Ext.swift in Sources */,
				46DFE4032B57D01900B892B4 /* SearchVC.swift in Sources */,
				46DFE4112B581AE600B892B4 /* GFAlertVC.swift in Sources */,
				46DFE40F2B5819D400B892B4 /* GFBodyLabel.swift in Sources */,
				46DFE40D2B57FF9F00B892B4 /* GFTitleLabel.swift in Sources */,
				46DFE40B2B57EB6E00B892B4 /* FollowerListVC.swift in Sources */,
				46DFE3EF2B57C67E00B892B4 /* AppDelegate.swift in Sources */,
				46DFE3F12B57C67E00B892B4 /* SceneDelegate.swift in Sources */,
			);
			runOnlyForDeploymentPostprocessing = 0;
		};
/* End PBXSourcesBuildPhase section */

/* Begin PBXVariantGroup section */
		46DFE3F92B57C68000B892B4 /* LaunchScreen.storyboard */ = {
			isa = PBXVariantGroup;
			children = (
				46DFE3FA2B57C68000B892B4 /* Base */,
			);
			name = LaunchScreen.storyboard;
			sourceTree = "<group>";
		};
/* End PBXVariantGroup section */

/* Begin XCBuildConfiguration section */
		46DFE3FD2B57C68000B892B4 /* Debug */ = {
			isa = XCBuildConfiguration;
			buildSettings = {
				ALWAYS_SEARCH_USER_PATHS = NO;
				ASSETCATALOG_COMPILER_GENERATE_SWIFT_ASSET_SYMBOL_EXTENSIONS = YES;
				CLANG_ANALYZER_NONNULL = YES;
				CLANG_ANALYZER_NUMBER_OBJECT_CONVERSION = YES_AGGRESSIVE;
				CLANG_CXX_LANGUAGE_STANDARD = "gnu++20";
				CLANG_ENABLE_MODULES = YES;
				CLANG_ENABLE_OBJC_ARC = YES;
				CLANG_ENABLE_OBJC_WEAK = YES;
				CLANG_WARN_BLOCK_CAPTURE_AUTORELEASING = YES;
				CLANG_WARN_BOOL_CONVERSION = YES;
				CLANG_WARN_COMMA = YES;
				CLANG_WARN_CONSTANT_CONVERSION = YES;
				CLANG_WARN_DEPRECATED_OBJC_IMPLEMENTATIONS = YES;
				CLANG_WARN_DIRECT_OBJC_ISA_USAGE = YES_ERROR;
				CLANG_WARN_DOCUMENTATION_COMMENTS = YES;
				CLANG_WARN_EMPTY_BODY = YES;
				CLANG_WARN_ENUM_CONVERSION = YES;
				CLANG_WARN_INFINITE_RECURSION = YES;
				CLANG_WARN_INT_CONVERSION = YES;
				CLANG_WARN_NON_LITERAL_NULL_CONVERSION = YES;
				CLANG_WARN_OBJC_IMPLICIT_RETAIN_SELF = YES;
				CLANG_WARN_OBJC_LITERAL_CONVERSION = YES;
				CLANG_WARN_OBJC_ROOT_CLASS = YES_ERROR;
				CLANG_WARN_QUOTED_INCLUDE_IN_FRAMEWORK_HEADER = YES;
				CLANG_WARN_RANGE_LOOP_ANALYSIS = YES;
				CLANG_WARN_STRICT_PROTOTYPES = YES;
				CLANG_WARN_SUSPICIOUS_MOVE = YES;
				CLANG_WARN_UNGUARDED_AVAILABILITY = YES_AGGRESSIVE;
				CLANG_WARN_UNREACHABLE_CODE = YES;
				CLANG_WARN__DUPLICATE_METHOD_MATCH = YES;
				COPY_PHASE_STRIP = NO;
				DEBUG_INFORMATION_FORMAT = dwarf;
				ENABLE_STRICT_OBJC_MSGSEND = YES;
				ENABLE_TESTABILITY = YES;
				ENABLE_USER_SCRIPT_SANDBOXING = YES;
				GCC_C_LANGUAGE_STANDARD = gnu17;
				GCC_DYNAMIC_NO_PIC = NO;
				GCC_NO_COMMON_BLOCKS = YES;
				GCC_OPTIMIZATION_LEVEL = 0;
				GCC_PREPROCESSOR_DEFINITIONS = (
					"DEBUG=1",
					"$(inherited)",
				);
				GCC_WARN_64_TO_32_BIT_CONVERSION = YES;
				GCC_WARN_ABOUT_RETURN_TYPE = YES_ERROR;
				GCC_WARN_UNDECLARED_SELECTOR = YES;
				GCC_WARN_UNINITIALIZED_AUTOS = YES_AGGRESSIVE;
				GCC_WARN_UNUSED_FUNCTION = YES;
				GCC_WARN_UNUSED_VARIABLE = YES;
				IPHONEOS_DEPLOYMENT_TARGET = 17.2;
				LOCALIZATION_PREFERS_STRING_CATALOGS = YES;
				MTL_ENABLE_DEBUG_INFO = INCLUDE_SOURCE;
				MTL_FAST_MATH = YES;
				ONLY_ACTIVE_ARCH = YES;
				SDKROOT = iphoneos;
				SWIFT_ACTIVE_COMPILATION_CONDITIONS = "DEBUG $(inherited)";
				SWIFT_OPTIMIZATION_LEVEL = "-Onone";
			};
			name = Debug;
		};
		46DFE3FE2B57C68000B892B4 /* Release */ = {
			isa = XCBuildConfiguration;
			buildSettings = {
				ALWAYS_SEARCH_USER_PATHS = NO;
				ASSETCATALOG_COMPILER_GENERATE_SWIFT_ASSET_SYMBOL_EXTENSIONS = YES;
				CLANG_ANALYZER_NONNULL = YES;
				CLANG_ANALYZER_NUMBER_OBJECT_CONVERSION = YES_AGGRESSIVE;
				CLANG_CXX_LANGUAGE_STANDARD = "gnu++20";
				CLANG_ENABLE_MODULES = YES;
				CLANG_ENABLE_OBJC_ARC = YES;
				CLANG_ENABLE_OBJC_WEAK = YES;
				CLANG_WARN_BLOCK_CAPTURE_AUTORELEASING = YES;
				CLANG_WARN_BOOL_CONVERSION = YES;
				CLANG_WARN_COMMA = YES;
				CLANG_WARN_CONSTANT_CONVERSION = YES;
				CLANG_WARN_DEPRECATED_OBJC_IMPLEMENTATIONS = YES;
				CLANG_WARN_DIRECT_OBJC_ISA_USAGE = YES_ERROR;
				CLANG_WARN_DOCUMENTATION_COMMENTS = YES;
				CLANG_WARN_EMPTY_BODY = YES;
				CLANG_WARN_ENUM_CONVERSION = YES;
				CLANG_WARN_INFINITE_RECURSION = YES;
				CLANG_WARN_INT_CONVERSION = YES;
				CLANG_WARN_NON_LITERAL_NULL_CONVERSION = YES;
				CLANG_WARN_OBJC_IMPLICIT_RETAIN_SELF = YES;
				CLANG_WARN_OBJC_LITERAL_CONVERSION = YES;
				CLANG_WARN_OBJC_ROOT_CLASS = YES_ERROR;
				CLANG_WARN_QUOTED_INCLUDE_IN_FRAMEWORK_HEADER = YES;
				CLANG_WARN_RANGE_LOOP_ANALYSIS = YES;
				CLANG_WARN_STRICT_PROTOTYPES = YES;
				CLANG_WARN_SUSPICIOUS_MOVE = YES;
				CLANG_WARN_UNGUARDED_AVAILABILITY = YES_AGGRESSIVE;
				CLANG_WARN_UNREACHABLE_CODE = YES;
				CLANG_WARN__DUPLICATE_METHOD_MATCH = YES;
				COPY_PHASE_STRIP = NO;
				DEBUG_INFORMATION_FORMAT = "dwarf-with-dsym";
				ENABLE_NS_ASSERTIONS = NO;
				ENABLE_STRICT_OBJC_MSGSEND = YES;
				ENABLE_USER_SCRIPT_SANDBOXING = YES;
				GCC_C_LANGUAGE_STANDARD = gnu17;
				GCC_NO_COMMON_BLOCKS = YES;
				GCC_WARN_64_TO_32_BIT_CONVERSION = YES;
				GCC_WARN_ABOUT_RETURN_TYPE = YES_ERROR;
				GCC_WARN_UNDECLARED_SELECTOR = YES;
				GCC_WARN_UNINITIALIZED_AUTOS = YES_AGGRESSIVE;
				GCC_WARN_UNUSED_FUNCTION = YES;
				GCC_WARN_UNUSED_VARIABLE = YES;
				IPHONEOS_DEPLOYMENT_TARGET = 17.2;
				LOCALIZATION_PREFERS_STRING_CATALOGS = YES;
				MTL_ENABLE_DEBUG_INFO = NO;
				MTL_FAST_MATH = YES;
				SDKROOT = iphoneos;
				SWIFT_COMPILATION_MODE = wholemodule;
				VALIDATE_PRODUCT = YES;
			};
			name = Release;
		};
		46DFE4002B57C68000B892B4 /* Debug */ = {
			isa = XCBuildConfiguration;
			buildSettings = {
				ASSETCATALOG_COMPILER_APPICON_NAME = AppIcon;
				ASSETCATALOG_COMPILER_GLOBAL_ACCENT_COLOR_NAME = AccentColor;
				CODE_SIGN_STYLE = Automatic;
				CURRENT_PROJECT_VERSION = 1;
				DEVELOPMENT_TEAM = B89D4GA757;
				GENERATE_INFOPLIST_FILE = YES;
				INFOPLIST_FILE = GithubFollowers/Info.plist;
				INFOPLIST_KEY_UIApplicationSupportsIndirectInputEvents = YES;
				INFOPLIST_KEY_UILaunchStoryboardName = LaunchScreen;
				INFOPLIST_KEY_UISupportedInterfaceOrientations = UIInterfaceOrientationPortrait;
				INFOPLIST_KEY_UISupportedInterfaceOrientations_iPad = "UIInterfaceOrientationLandscapeLeft UIInterfaceOrientationLandscapeRight UIInterfaceOrientationPortrait UIInterfaceOrientationPortraitUpsideDown";
				LD_RUNPATH_SEARCH_PATHS = (
					"$(inherited)",
					"@executable_path/Frameworks",
				);
				MARKETING_VERSION = 1.0;
				PRODUCT_BUNDLE_IDENTIFIER = com.lyndrayapps.GithubFollowers;
				PRODUCT_NAME = "$(TARGET_NAME)";
				SWIFT_EMIT_LOC_STRINGS = YES;
				SWIFT_VERSION = 5.0;
				TARGETED_DEVICE_FAMILY = "1,2";
			};
			name = Debug;
		};
		46DFE4012B57C68000B892B4 /* Release */ = {
			isa = XCBuildConfiguration;
			buildSettings = {
				ASSETCATALOG_COMPILER_APPICON_NAME = AppIcon;
				ASSETCATALOG_COMPILER_GLOBAL_ACCENT_COLOR_NAME = AccentColor;
				CODE_SIGN_STYLE = Automatic;
				CURRENT_PROJECT_VERSION = 1;
				DEVELOPMENT_TEAM = B89D4GA757;
				GENERATE_INFOPLIST_FILE = YES;
				INFOPLIST_FILE = GithubFollowers/Info.plist;
				INFOPLIST_KEY_UIApplicationSupportsIndirectInputEvents = YES;
				INFOPLIST_KEY_UILaunchStoryboardName = LaunchScreen;
				INFOPLIST_KEY_UISupportedInterfaceOrientations = UIInterfaceOrientationPortrait;
				INFOPLIST_KEY_UISupportedInterfaceOrientations_iPad = "UIInterfaceOrientationLandscapeLeft UIInterfaceOrientationLandscapeRight UIInterfaceOrientationPortrait UIInterfaceOrientationPortraitUpsideDown";
				LD_RUNPATH_SEARCH_PATHS = (
					"$(inherited)",
					"@executable_path/Frameworks",
				);
				MARKETING_VERSION = 1.0;
				PRODUCT_BUNDLE_IDENTIFIER = com.lyndrayapps.GithubFollowers;
				PRODUCT_NAME = "$(TARGET_NAME)";
				SWIFT_EMIT_LOC_STRINGS = YES;
				SWIFT_VERSION = 5.0;
				TARGETED_DEVICE_FAMILY = "1,2";
			};
			name = Release;
		};
/* End XCBuildConfiguration section */

/* Begin XCConfigurationList section */
		46DFE3E62B57C67E00B892B4 /* Build configuration list for PBXProject "GithubFollowers" */ = {
			isa = XCConfigurationList;
			buildConfigurations = (
				46DFE3FD2B57C68000B892B4 /* Debug */,
				46DFE3FE2B57C68000B892B4 /* Release */,
			);
			defaultConfigurationIsVisible = 0;
			defaultConfigurationName = Release;
		};
		46DFE3FF2B57C68000B892B4 /* Build configuration list for PBXNativeTarget "GithubFollowers" */ = {
			isa = XCConfigurationList;
			buildConfigurations = (
				46DFE4002B57C68000B892B4 /* Debug */,
				46DFE4012B57C68000B892B4 /* Release */,
			);
			defaultConfigurationIsVisible = 0;
			defaultConfigurationName = Release;
		};
/* End XCConfigurationList section */
	};
	rootObject = 46DFE3E32B57C67E00B892B4 /* Project object */;
}
